
Microsoft Visual Studio Solution File, Format Version 12.00
# Visual Studio 14
VisualStudioVersion = 14.0.25420.1
MinimumVisualStudioVersion = 10.0.40219.1
Project("{FAE04EC0-301F-11D3-BF4B-00C04F79EFBC}") = "Angular2Demo", "Angular2Demo\Angular2Demo.csproj", "{24C6FA60-DDAA-43A7-B371-1DC16708EB1F}"
EndProject
Project("{FAE04EC0-301F-11D3-BF4B-00C04F79EFBC}") = "EmployeeWebAPIService", "EmployeeWebAPIService\EmployeeWebAPIService.csproj", "{3678F2D8-A75C-480F-B87D-70E51395EF3A}"
EndProject
Global
	GlobalSection(SolutionConfigurationPlatforms) = preSolution
		Debug|Any CPU = Debug|Any CPU
		Release|Any CPU = Release|Any CPU
	EndGlobalSection
	GlobalSection(ProjectConfigurationPlatforms) = postSolution
		{24C6FA60-DDAA-43A7-B371-1DC16708EB1F}.Debug|Any CPU.ActiveCfg = Debug|Any CPU
		{24C6FA60-DDAA-43A7-B371-1DC16708EB1F}.Debug|Any CPU.Build.0 = Debug|Any CPU
		{24C6FA60-DDAA-43A7-B371-1DC16708EB1F}.Release|Any CPU.ActiveCfg = Release|Any CPU
		{24C6FA60-DDAA-43A7-B371-1DC16708EB1F}.Release|Any CPU.Build.0 = Release|Any CPU
		{3678F2D8-A75C-480F-B87D-70E51395EF3A}.Debug|Any CPU.ActiveCfg = Debug|Any CPU
		{3678F2D8-A75C-480F-B87D-70E51395EF3A}.Debug|Any CPU.Build.0 = Debug|Any CPU
		{3678F2D8-A75C-480F-B87D-70E51395EF3A}.Release|Any CPU.ActiveCfg = Release|Any CPU
		{3678F2D8-A75C-480F-B87D-70E51395EF3A}.Release|Any CPU.Build.0 = Release|Any CPU
	EndGlobalSection
	GlobalSection(SolutionProperties) = preSolution
		HideSolutionNode = FALSE
	EndGlobalSection
EndGlobal
